// !$*UTF8*$!
{
	archiveVersion = 1;
	classes = {
	};
	objectVersion = 55;
	objects = {

/* Begin PBXBuildFile section */
		2A7E99B7282AE1D200A0F01F /* AppDelegate.swift in Sources */ = {isa = PBXBuildFile; fileRef = 2A7E99B6282AE1D200A0F01F /* AppDelegate.swift */; };
		2A7E99BE282AE1D200A0F01F /* Main.storyboard in Resources */ = {isa = PBXBuildFile; fileRef = 2A7E99BC282AE1D200A0F01F /* Main.storyboard */; };
		2A7E99C0282AE1D500A0F01F /* Assets.xcassets in Resources */ = {isa = PBXBuildFile; fileRef = 2A7E99BF282AE1D500A0F01F /* Assets.xcassets */; };
		2A7E99C3282AE1D500A0F01F /* LaunchScreen.storyboard in Resources */ = {isa = PBXBuildFile; fileRef = 2A7E99C1282AE1D500A0F01F /* LaunchScreen.storyboard */; };
		2A7E99CE282AE1D500A0F01F /* Live_AppTests.swift in Sources */ = {isa = PBXBuildFile; fileRef = 2A7E99CD282AE1D500A0F01F /* Live_AppTests.swift */; };
		2A7E99D8282AE1D500A0F01F /* Live_AppUITests.swift in Sources */ = {isa = PBXBuildFile; fileRef = 2A7E99D7282AE1D500A0F01F /* Live_AppUITests.swift */; };
		2A7E99DA282AE1D500A0F01F /* Live_AppUITestsLaunchTests.swift in Sources */ = {isa = PBXBuildFile; fileRef = 2A7E99D9282AE1D500A0F01F /* Live_AppUITestsLaunchTests.swift */; };
		2A7E99E8282AE4C600A0F01F /* WebRTC in Frameworks */ = {isa = PBXBuildFile; productRef = 2A7E99E7282AE4C600A0F01F /* WebRTC */; };
		2A7E99EB282AE65200A0F01F /* Starscream in Frameworks */ = {isa = PBXBuildFile; productRef = 2A7E99EA282AE65200A0F01F /* Starscream */; };
		2A7E99F2283386EB00A0F01F /* MainVC.swift in Sources */ = {isa = PBXBuildFile; fileRef = 2A7E99F1283386EB00A0F01F /* MainVC.swift */; };
		2A7E99FB283387E200A0F01F /* Message.swift in Sources */ = {isa = PBXBuildFile; fileRef = 2A7E99F4283387E200A0F01F /* Message.swift */; };
		2A7E99FC283387E200A0F01F /* WebSocketProvider.swift in Sources */ = {isa = PBXBuildFile; fileRef = 2A7E99F6283387E200A0F01F /* WebSocketProvider.swift */; };
		2A7E99FD283387E200A0F01F /* NativeWebSocket.swift in Sources */ = {isa = PBXBuildFile; fileRef = 2A7E99F7283387E200A0F01F /* NativeWebSocket.swift */; };
		2A7E99FE283387E200A0F01F /* StarscreamProvider.swift in Sources */ = {isa = PBXBuildFile; fileRef = 2A7E99F8283387E200A0F01F /* StarscreamProvider.swift */; };
		2A7E99FF283387E200A0F01F /* WebRTCClient.swift in Sources */ = {isa = PBXBuildFile; fileRef = 2A7E99F9283387E200A0F01F /* WebRTCClient.swift */; };
		2A7E9A00283387E200A0F01F /* SignalingClient.swift in Sources */ = {isa = PBXBuildFile; fileRef = 2A7E99FA283387E200A0F01F /* SignalingClient.swift */; };
		2A7E9A052833884300A0F01F /* RTCStates.swift in Sources */ = {isa = PBXBuildFile; fileRef = 2A7E9A022833884200A0F01F /* RTCStates.swift */; };
		2A7E9A062833884300A0F01F /* SessionDescription.swift in Sources */ = {isa = PBXBuildFile; fileRef = 2A7E9A032833884200A0F01F /* SessionDescription.swift */; };
		2A7E9A072833884300A0F01F /* IceCandidate.swift in Sources */ = {isa = PBXBuildFile; fileRef = 2A7E9A042833884200A0F01F /* IceCandidate.swift */; };
		2A7E9A092833885B00A0F01F /* VideoVC.swift in Sources */ = {isa = PBXBuildFile; fileRef = 2A7E9A082833885B00A0F01F /* VideoVC.swift */; };
		2A7E9A0B2833DD8C00A0F01F /* MainViewModel.swift in Sources */ = {isa = PBXBuildFile; fileRef = 2A7E9A0A2833DD8C00A0F01F /* MainViewModel.swift */; };
/* End PBXBuildFile section */

/* Begin PBXContainerItemProxy section */
		2A7E99CA282AE1D500A0F01F /* PBXContainerItemProxy */ = {
			isa = PBXContainerItemProxy;
			containerPortal = 2A7E99AB282AE1D200A0F01F /* Project object */;
			proxyType = 1;
			remoteGlobalIDString = 2A7E99B2282AE1D200A0F01F;
			remoteInfo = "Live App";
		};
		2A7E99D4282AE1D500A0F01F /* PBXContainerItemProxy */ = {
			isa = PBXContainerItemProxy;
			containerPortal = 2A7E99AB282AE1D200A0F01F /* Project object */;
			proxyType = 1;
			remoteGlobalIDString = 2A7E99B2282AE1D200A0F01F;
			remoteInfo = "Live App";
		};
/* End PBXContainerItemProxy section */

/* Begin PBXFileReference section */
		2A7E99B3282AE1D200A0F01F /* Live App.app */ = {isa = PBXFileReference; explicitFileType = wrapper.application; includeInIndex = 0; path = "Live App.app"; sourceTree = BUILT_PRODUCTS_DIR; };
		2A7E99B6282AE1D200A0F01F /* AppDelegate.swift */ = {isa = PBXFileReference; lastKnownFileType = sourcecode.swift; path = AppDelegate.swift; sourceTree = "<group>"; };
		2A7E99BD282AE1D200A0F01F /* Base */ = {isa = PBXFileReference; lastKnownFileType = file.storyboard; name = Base; path = Base.lproj/Main.storyboard; sourceTree = "<group>"; };
		2A7E99BF282AE1D500A0F01F /* Assets.xcassets */ = {isa = PBXFileReference; lastKnownFileType = folder.assetcatalog; path = Assets.xcassets; sourceTree = "<group>"; };
		2A7E99C2282AE1D500A0F01F /* Base */ = {isa = PBXFileReference; lastKnownFileType = file.storyboard; name = Base; path = Base.lproj/LaunchScreen.storyboard; sourceTree = "<group>"; };
		2A7E99C4282AE1D500A0F01F /* Info.plist */ = {isa = PBXFileReference; lastKnownFileType = text.plist.xml; path = Info.plist; sourceTree = "<group>"; };
		2A7E99C9282AE1D500A0F01F /* Live AppTests.xctest */ = {isa = PBXFileReference; explicitFileType = wrapper.cfbundle; includeInIndex = 0; path = "Live AppTests.xctest"; sourceTree = BUILT_PRODUCTS_DIR; };
		2A7E99CD282AE1D500A0F01F /* Live_AppTests.swift */ = {isa = PBXFileReference; lastKnownFileType = sourcecode.swift; path = Live_AppTests.swift; sourceTree = "<group>"; };
		2A7E99D3282AE1D500A0F01F /* Live AppUITests.xctest */ = {isa = PBXFileReference; explicitFileType = wrapper.cfbundle; includeInIndex = 0; path = "Live AppUITests.xctest"; sourceTree = BUILT_PRODUCTS_DIR; };
		2A7E99D7282AE1D500A0F01F /* Live_AppUITests.swift */ = {isa = PBXFileReference; lastKnownFileType = sourcecode.swift; path = Live_AppUITests.swift; sourceTree = "<group>"; };
		2A7E99D9282AE1D500A0F01F /* Live_AppUITestsLaunchTests.swift */ = {isa = PBXFileReference; lastKnownFileType = sourcecode.swift; path = Live_AppUITestsLaunchTests.swift; sourceTree = "<group>"; };
		2A7E99F1283386EB00A0F01F /* MainVC.swift */ = {isa = PBXFileReference; lastKnownFileType = sourcecode.swift; path = MainVC.swift; sourceTree = "<group>"; };
		2A7E99F4283387E200A0F01F /* Message.swift */ = {isa = PBXFileReference; fileEncoding = 4; lastKnownFileType = sourcecode.swift; path = Message.swift; sourceTree = "<group>"; };
		2A7E99F6283387E200A0F01F /* WebSocketProvider.swift */ = {isa = PBXFileReference; fileEncoding = 4; lastKnownFileType = sourcecode.swift; path = WebSocketProvider.swift; sourceTree = "<group>"; };
		2A7E99F7283387E200A0F01F /* NativeWebSocket.swift */ = {isa = PBXFileReference; fileEncoding = 4; lastKnownFileType = sourcecode.swift; path = NativeWebSocket.swift; sourceTree = "<group>"; };
		2A7E99F8283387E200A0F01F /* StarscreamProvider.swift */ = {isa = PBXFileReference; fileEncoding = 4; lastKnownFileType = sourcecode.swift; path = StarscreamProvider.swift; sourceTree = "<group>"; };
		2A7E99F9283387E200A0F01F /* WebRTCClient.swift */ = {isa = PBXFileReference; fileEncoding = 4; lastKnownFileType = sourcecode.swift; path = WebRTCClient.swift; sourceTree = "<group>"; };
		2A7E99FA283387E200A0F01F /* SignalingClient.swift */ = {isa = PBXFileReference; fileEncoding = 4; lastKnownFileType = sourcecode.swift; path = SignalingClient.swift; sourceTree = "<group>"; };
		2A7E9A022833884200A0F01F /* RTCStates.swift */ = {isa = PBXFileReference; fileEncoding = 4; lastKnownFileType = sourcecode.swift; path = RTCStates.swift; sourceTree = "<group>"; };
		2A7E9A032833884200A0F01F /* SessionDescription.swift */ = {isa = PBXFileReference; fileEncoding = 4; lastKnownFileType = sourcecode.swift; path = SessionDescription.swift; sourceTree = "<group>"; };
		2A7E9A042833884200A0F01F /* IceCandidate.swift */ = {isa = PBXFileReference; fileEncoding = 4; lastKnownFileType = sourcecode.swift; path = IceCandidate.swift; sourceTree = "<group>"; };
		2A7E9A082833885B00A0F01F /* VideoVC.swift */ = {isa = PBXFileReference; lastKnownFileType = sourcecode.swift; path = VideoVC.swift; sourceTree = "<group>"; };
		2A7E9A0A2833DD8C00A0F01F /* MainViewModel.swift */ = {isa = PBXFileReference; lastKnownFileType = sourcecode.swift; path = MainViewModel.swift; sourceTree = "<group>"; };
/* End PBXFileReference section */

/* Begin PBXFrameworksBuildPhase section */
		2A7E99B0282AE1D200A0F01F /* Frameworks */ = {
			isa = PBXFrameworksBuildPhase;
			buildActionMask = 2147483647;
			files = (
				2A7E99E8282AE4C600A0F01F /* WebRTC in Frameworks */,
				2A7E99EB282AE65200A0F01F /* Starscream in Frameworks */,
			);
			runOnlyForDeploymentPostprocessing = 0;
		};
		2A7E99C6282AE1D500A0F01F /* Frameworks */ = {
			isa = PBXFrameworksBuildPhase;
			buildActionMask = 2147483647;
			files = (
			);
			runOnlyForDeploymentPostprocessing = 0;
		};
		2A7E99D0282AE1D500A0F01F /* Frameworks */ = {
			isa = PBXFrameworksBuildPhase;
			buildActionMask = 2147483647;
			files = (
			);
			runOnlyForDeploymentPostprocessing = 0;
		};
/* End PBXFrameworksBuildPhase section */

/* Begin PBXGroup section */
		2A7E99AA282AE1D200A0F01F = {
			isa = PBXGroup;
			children = (
				2A7E99B5282AE1D200A0F01F /* Live App */,
				2A7E99CC282AE1D500A0F01F /* Live AppTests */,
				2A7E99D6282AE1D500A0F01F /* Live AppUITests */,
				2A7E99B4282AE1D200A0F01F /* Products */,
			);
			sourceTree = "<group>";
		};
		2A7E99B4282AE1D200A0F01F /* Products */ = {
			isa = PBXGroup;
			children = (
				2A7E99B3282AE1D200A0F01F /* Live App.app */,
				2A7E99C9282AE1D500A0F01F /* Live AppTests.xctest */,
				2A7E99D3282AE1D500A0F01F /* Live AppUITests.xctest */,
			);
			name = Products;
			sourceTree = "<group>";
		};
		2A7E99B5282AE1D200A0F01F /* Live App */ = {
			isa = PBXGroup;
			children = (
				2A7E9A012833884200A0F01F /* Extensions */,
				2A7E99F3283387E200A0F01F /* Services */,
				2A7E99EF282D970900A0F01F /* Storyboards */,
				2A7E99EE282D970200A0F01F /* ViewModel */,
				2A7E99ED282D96F700A0F01F /* View */,
				2A7E99EC282D96F000A0F01F /* Model */,
				2A7E99B6282AE1D200A0F01F /* AppDelegate.swift */,
				2A7E99BF282AE1D500A0F01F /* Assets.xcassets */,
				2A7E99C1282AE1D500A0F01F /* LaunchScreen.storyboard */,
				2A7E99C4282AE1D500A0F01F /* Info.plist */,
			);
			path = "Live App";
			sourceTree = "<group>";
		};
		2A7E99CC282AE1D500A0F01F /* Live AppTests */ = {
			isa = PBXGroup;
			children = (
				2A7E99CD282AE1D500A0F01F /* Live_AppTests.swift */,
			);
			path = "Live AppTests";
			sourceTree = "<group>";
		};
		2A7E99D6282AE1D500A0F01F /* Live AppUITests */ = {
			isa = PBXGroup;
			children = (
				2A7E99D7282AE1D500A0F01F /* Live_AppUITests.swift */,
				2A7E99D9282AE1D500A0F01F /* Live_AppUITestsLaunchTests.swift */,
			);
			path = "Live AppUITests";
			sourceTree = "<group>";
		};
		2A7E99EC282D96F000A0F01F /* Model */ = {
			isa = PBXGroup;
			children = (
			);
			path = Model;
			sourceTree = "<group>";
		};
		2A7E99ED282D96F700A0F01F /* View */ = {
			isa = PBXGroup;
			children = (
				2A7E99F1283386EB00A0F01F /* MainVC.swift */,
				2A7E9A082833885B00A0F01F /* VideoVC.swift */,
			);
			path = View;
			sourceTree = "<group>";
		};
		2A7E99EE282D970200A0F01F /* ViewModel */ = {
			isa = PBXGroup;
			children = (
				2A7E9A0A2833DD8C00A0F01F /* MainViewModel.swift */,
			);
			path = ViewModel;
			sourceTree = "<group>";
		};
		2A7E99EF282D970900A0F01F /* Storyboards */ = {
			isa = PBXGroup;
			children = (
				2A7E99BC282AE1D200A0F01F /* Main.storyboard */,
			);
			path = Storyboards;
			sourceTree = "<group>";
		};
		2A7E99F3283387E200A0F01F /* Services */ = {
			isa = PBXGroup;
			children = (
				2A7E99F4283387E200A0F01F /* Message.swift */,
				2A7E99F5283387E200A0F01F /* WebSocketProvider */,
				2A7E99F9283387E200A0F01F /* WebRTCClient.swift */,
				2A7E99FA283387E200A0F01F /* SignalingClient.swift */,
			);
			path = Services;
			sourceTree = "<group>";
		};
		2A7E99F5283387E200A0F01F /* WebSocketProvider */ = {
			isa = PBXGroup;
			children = (
				2A7E99F6283387E200A0F01F /* WebSocketProvider.swift */,
				2A7E99F7283387E200A0F01F /* NativeWebSocket.swift */,
				2A7E99F8283387E200A0F01F /* StarscreamProvider.swift */,
			);
			path = WebSocketProvider;
			sourceTree = "<group>";
		};
		2A7E9A012833884200A0F01F /* Extensions */ = {
			isa = PBXGroup;
			children = (
				2A7E9A022833884200A0F01F /* RTCStates.swift */,
				2A7E9A032833884200A0F01F /* SessionDescription.swift */,
				2A7E9A042833884200A0F01F /* IceCandidate.swift */,
			);
			path = Extensions;
			sourceTree = "<group>";
		};
/* End PBXGroup section */

/* Begin PBXNativeTarget section */
		2A7E99B2282AE1D200A0F01F /* Live App */ = {
			isa = PBXNativeTarget;
			buildConfigurationList = 2A7E99DD282AE1D600A0F01F /* Build configuration list for PBXNativeTarget "Live App" */;
			buildPhases = (
				2A7E99AF282AE1D200A0F01F /* Sources */,
				2A7E99B0282AE1D200A0F01F /* Frameworks */,
				2A7E99B1282AE1D200A0F01F /* Resources */,
			);
			buildRules = (
			);
			dependencies = (
			);
			name = "Live App";
			packageProductDependencies = (
				2A7E99E7282AE4C600A0F01F /* WebRTC */,
				2A7E99EA282AE65200A0F01F /* Starscream */,
			);
			productName = "Live App";
			productReference = 2A7E99B3282AE1D200A0F01F /* Live App.app */;
			productType = "com.apple.product-type.application";
		};
		2A7E99C8282AE1D500A0F01F /* Live AppTests */ = {
			isa = PBXNativeTarget;
			buildConfigurationList = 2A7E99E0282AE1D600A0F01F /* Build configuration list for PBXNativeTarget "Live AppTests" */;
			buildPhases = (
				2A7E99C5282AE1D500A0F01F /* Sources */,
				2A7E99C6282AE1D500A0F01F /* Frameworks */,
				2A7E99C7282AE1D500A0F01F /* Resources */,
			);
			buildRules = (
			);
			dependencies = (
				2A7E99CB282AE1D500A0F01F /* PBXTargetDependency */,
			);
			name = "Live AppTests";
			productName = "Live AppTests";
			productReference = 2A7E99C9282AE1D500A0F01F /* Live AppTests.xctest */;
			productType = "com.apple.product-type.bundle.unit-test";
		};
		2A7E99D2282AE1D500A0F01F /* Live AppUITests */ = {
			isa = PBXNativeTarget;
			buildConfigurationList = 2A7E99E3282AE1D600A0F01F /* Build configuration list for PBXNativeTarget "Live AppUITests" */;
			buildPhases = (
				2A7E99CF282AE1D500A0F01F /* Sources */,
				2A7E99D0282AE1D500A0F01F /* Frameworks */,
				2A7E99D1282AE1D500A0F01F /* Resources */,
			);
			buildRules = (
			);
			dependencies = (
				2A7E99D5282AE1D500A0F01F /* PBXTargetDependency */,
			);
			name = "Live AppUITests";
			productName = "Live AppUITests";
			productReference = 2A7E99D3282AE1D500A0F01F /* Live AppUITests.xctest */;
			productType = "com.apple.product-type.bundle.ui-testing";
		};
/* End PBXNativeTarget section */

/* Begin PBXProject section */
		2A7E99AB282AE1D200A0F01F /* Project object */ = {
			isa = PBXProject;
			attributes = {
				BuildIndependentTargetsInParallel = 1;
				LastSwiftUpdateCheck = 1320;
				LastUpgradeCheck = 1320;
				TargetAttributes = {
					2A7E99B2282AE1D200A0F01F = {
						CreatedOnToolsVersion = 13.2.1;
					};
					2A7E99C8282AE1D500A0F01F = {
						CreatedOnToolsVersion = 13.2.1;
						TestTargetID = 2A7E99B2282AE1D200A0F01F;
					};
					2A7E99D2282AE1D500A0F01F = {
						CreatedOnToolsVersion = 13.2.1;
						TestTargetID = 2A7E99B2282AE1D200A0F01F;
					};
				};
			};
			buildConfigurationList = 2A7E99AE282AE1D200A0F01F /* Build configuration list for PBXProject "Live App" */;
			compatibilityVersion = "Xcode 13.0";
			developmentRegion = en;
			hasScannedForEncodings = 0;
			knownRegions = (
				en,
				Base,
			);
			mainGroup = 2A7E99AA282AE1D200A0F01F;
			packageReferences = (
				2A7E99E6282AE4C600A0F01F /* XCRemoteSwiftPackageReference "WebRTC" */,
				2A7E99E9282AE65200A0F01F /* XCRemoteSwiftPackageReference "Starscream" */,
			);
			productRefGroup = 2A7E99B4282AE1D200A0F01F /* Products */;
			projectDirPath = "";
			projectRoot = "";
			targets = (
				2A7E99B2282AE1D200A0F01F /* Live App */,
				2A7E99C8282AE1D500A0F01F /* Live AppTests */,
				2A7E99D2282AE1D500A0F01F /* Live AppUITests */,
			);
		};
/* End PBXProject section */

/* Begin PBXResourcesBuildPhase section */
		2A7E99B1282AE1D200A0F01F /* Resources */ = {
			isa = PBXResourcesBuildPhase;
			buildActionMask = 2147483647;
			files = (
				2A7E99C3282AE1D500A0F01F /* LaunchScreen.storyboard in Resources */,
				2A7E99C0282AE1D500A0F01F /* Assets.xcassets in Resources */,
				2A7E99BE282AE1D200A0F01F /* Main.storyboard in Resources */,
			);
			runOnlyForDeploymentPostprocessing = 0;
		};
		2A7E99C7282AE1D500A0F01F /* Resources */ = {
			isa = PBXResourcesBuildPhase;
			buildActionMask = 2147483647;
			files = (
			);
			runOnlyForDeploymentPostprocessing = 0;
		};
		2A7E99D1282AE1D500A0F01F /* Resources */ = {
			isa = PBXResourcesBuildPhase;
			buildActionMask = 2147483647;
			files = (
			);
			runOnlyForDeploymentPostprocessing = 0;
		};
/* End PBXResourcesBuildPhase section */

/* Begin PBXSourcesBuildPhase section */
		2A7E99AF282AE1D200A0F01F /* Sources */ = {
			isa = PBXSourcesBuildPhase;
			buildActionMask = 2147483647;
			files = (
				2A7E9A092833885B00A0F01F /* VideoVC.swift in Sources */,
				2A7E99FC283387E200A0F01F /* WebSocketProvider.swift in Sources */,
				2A7E99FB283387E200A0F01F /* Message.swift in Sources */,
				2A7E99FD283387E200A0F01F /* NativeWebSocket.swift in Sources */,
				2A7E9A00283387E200A0F01F /* SignalingClient.swift in Sources */,
				2A7E9A0B2833DD8C00A0F01F /* MainViewModel.swift in Sources */,
				2A7E99FE283387E200A0F01F /* StarscreamProvider.swift in Sources */,
				2A7E9A062833884300A0F01F /* SessionDescription.swift in Sources */,
				2A7E99B7282AE1D200A0F01F /* AppDelegate.swift in Sources */,
				2A7E9A052833884300A0F01F /* RTCStates.swift in Sources */,
				2A7E99F2283386EB00A0F01F /* MainVC.swift in Sources */,
				2A7E9A072833884300A0F01F /* IceCandidate.swift in Sources */,
				2A7E99FF283387E200A0F01F /* WebRTCClient.swift in Sources */,
			);
			runOnlyForDeploymentPostprocessing = 0;
		};
		2A7E99C5282AE1D500A0F01F /* Sources */ = {
			isa = PBXSourcesBuildPhase;
			buildActionMask = 2147483647;
			files = (
				2A7E99CE282AE1D500A0F01F /* Live_AppTests.swift in Sources */,
			);
			runOnlyForDeploymentPostprocessing = 0;
		};
		2A7E99CF282AE1D500A0F01F /* Sources */ = {
			isa = PBXSourcesBuildPhase;
			buildActionMask = 2147483647;
			files = (
				2A7E99DA282AE1D500A0F01F /* Live_AppUITestsLaunchTests.swift in Sources */,
				2A7E99D8282AE1D500A0F01F /* Live_AppUITests.swift in Sources */,
			);
			runOnlyForDeploymentPostprocessing = 0;
		};
/* End PBXSourcesBuildPhase section */

/* Begin PBXTargetDependency section */
		2A7E99CB282AE1D500A0F01F /* PBXTargetDependency */ = {
			isa = PBXTargetDependency;
			target = 2A7E99B2282AE1D200A0F01F /* Live App */;
			targetProxy = 2A7E99CA282AE1D500A0F01F /* PBXContainerItemProxy */;
		};
		2A7E99D5282AE1D500A0F01F /* PBXTargetDependency */ = {
			isa = PBXTargetDependency;
			target = 2A7E99B2282AE1D200A0F01F /* Live App */;
			targetProxy = 2A7E99D4282AE1D500A0F01F /* PBXContainerItemProxy */;
		};
/* End PBXTargetDependency section */

/* Begin PBXVariantGroup section */
		2A7E99BC282AE1D200A0F01F /* Main.storyboard */ = {
			isa = PBXVariantGroup;
			children = (
				2A7E99BD282AE1D200A0F01F /* Base */,
			);
			name = Main.storyboard;
			sourceTree = "<group>";
		};
		2A7E99C1282AE1D500A0F01F /* LaunchScreen.storyboard */ = {
			isa = PBXVariantGroup;
			children = (
				2A7E99C2282AE1D500A0F01F /* Base */,
			);
			name = LaunchScreen.storyboard;
			sourceTree = "<group>";
		};
/* End PBXVariantGroup section */

/* Begin XCBuildConfiguration section */
		2A7E99DB282AE1D600A0F01F /* Debug */ = {
			isa = XCBuildConfiguration;
			buildSettings = {
				ALWAYS_SEARCH_USER_PATHS = NO;
				CLANG_ANALYZER_NONNULL = YES;
				CLANG_ANALYZER_NUMBER_OBJECT_CONVERSION = YES_AGGRESSIVE;
				CLANG_CXX_LANGUAGE_STANDARD = "gnu++17";
				CLANG_CXX_LIBRARY = "libc++";
				CLANG_ENABLE_MODULES = YES;
				CLANG_ENABLE_OBJC_ARC = YES;
				CLANG_ENABLE_OBJC_WEAK = YES;
				CLANG_WARN_BLOCK_CAPTURE_AUTORELEASING = YES;
				CLANG_WARN_BOOL_CONVERSION = YES;
				CLANG_WARN_COMMA = YES;
				CLANG_WARN_CONSTANT_CONVERSION = YES;
				CLANG_WARN_DEPRECATED_OBJC_IMPLEMENTATIONS = YES;
				CLANG_WARN_DIRECT_OBJC_ISA_USAGE = YES_ERROR;
				CLANG_WARN_DOCUMENTATION_COMMENTS = YES;
				CLANG_WARN_EMPTY_BODY = YES;
				CLANG_WARN_ENUM_CONVERSION = YES;
				CLANG_WARN_INFINITE_RECURSION = YES;
				CLANG_WARN_INT_CONVERSION = YES;
				CLANG_WARN_NON_LITERAL_NULL_CONVERSION = YES;
				CLANG_WARN_OBJC_IMPLICIT_RETAIN_SELF = YES;
				CLANG_WARN_OBJC_LITERAL_CONVERSION = YES;
				CLANG_WARN_OBJC_ROOT_CLASS = YES_ERROR;
				CLANG_WARN_QUOTED_INCLUDE_IN_FRAMEWORK_HEADER = YES;
				CLANG_WARN_RANGE_LOOP_ANALYSIS = YES;
				CLANG_WARN_STRICT_PROTOTYPES = YES;
				CLANG_WARN_SUSPICIOUS_MOVE = YES;
				CLANG_WARN_UNGUARDED_AVAILABILITY = YES_AGGRESSIVE;
				CLANG_WARN_UNREACHABLE_CODE = YES;
				CLANG_WARN__DUPLICATE_METHOD_MATCH = YES;
				COPY_PHASE_STRIP = NO;
				DEBUG_INFORMATION_FORMAT = dwarf;
				ENABLE_STRICT_OBJC_MSGSEND = YES;
				ENABLE_TESTABILITY = YES;
				GCC_C_LANGUAGE_STANDARD = gnu11;
				GCC_DYNAMIC_NO_PIC = NO;
				GCC_NO_COMMON_BLOCKS = YES;
				GCC_OPTIMIZATION_LEVEL = 0;
				GCC_PREPROCESSOR_DEFINITIONS = (
					"DEBUG=1",
					"$(inherited)",
				);
				GCC_WARN_64_TO_32_BIT_CONVERSION = YES;
				GCC_WARN_ABOUT_RETURN_TYPE = YES_ERROR;
				GCC_WARN_UNDECLARED_SELECTOR = YES;
				GCC_WARN_UNINITIALIZED_AUTOS = YES_AGGRESSIVE;
				GCC_WARN_UNUSED_FUNCTION = YES;
				GCC_WARN_UNUSED_VARIABLE = YES;
				IPHONEOS_DEPLOYMENT_TARGET = 15.2;
				MTL_ENABLE_DEBUG_INFO = INCLUDE_SOURCE;
				MTL_FAST_MATH = YES;
				ONLY_ACTIVE_ARCH = YES;
				SDKROOT = iphoneos;
				SWIFT_ACTIVE_COMPILATION_CONDITIONS = DEBUG;
				SWIFT_OPTIMIZATION_LEVEL = "-Onone";
			};
			name = Debug;
		};
		2A7E99DC282AE1D600A0F01F /* Release */ = {
			isa = XCBuildConfiguration;
			buildSettings = {
				ALWAYS_SEARCH_USER_PATHS = NO;
				CLANG_ANALYZER_NONNULL = YES;
				CLANG_ANALYZER_NUMBER_OBJECT_CONVERSION = YES_AGGRESSIVE;
				CLANG_CXX_LANGUAGE_STANDARD = "gnu++17";
				CLANG_CXX_LIBRARY = "libc++";
				CLANG_ENABLE_MODULES = YES;
				CLANG_ENABLE_OBJC_ARC = YES;
				CLANG_ENABLE_OBJC_WEAK = YES;
				CLANG_WARN_BLOCK_CAPTURE_AUTORELEASING = YES;
				CLANG_WARN_BOOL_CONVERSION = YES;
				CLANG_WARN_COMMA = YES;
				CLANG_WARN_CONSTANT_CONVERSION = YES;
				CLANG_WARN_DEPRECATED_OBJC_IMPLEMENTATIONS = YES;
				CLANG_WARN_DIRECT_OBJC_ISA_USAGE = YES_ERROR;
				CLANG_WARN_DOCUMENTATION_COMMENTS = YES;
				CLANG_WARN_EMPTY_BODY = YES;
				CLANG_WARN_ENUM_CONVERSION = YES;
				CLANG_WARN_INFINITE_RECURSION = YES;
				CLANG_WARN_INT_CONVERSION = YES;
				CLANG_WARN_NON_LITERAL_NULL_CONVERSION = YES;
				CLANG_WARN_OBJC_IMPLICIT_RETAIN_SELF = YES;
				CLANG_WARN_OBJC_LITERAL_CONVERSION = YES;
				CLANG_WARN_OBJC_ROOT_CLASS = YES_ERROR;
				CLANG_WARN_QUOTED_INCLUDE_IN_FRAMEWORK_HEADER = YES;
				CLANG_WARN_RANGE_LOOP_ANALYSIS = YES;
				CLANG_WARN_STRICT_PROTOTYPES = YES;
				CLANG_WARN_SUSPICIOUS_MOVE = YES;
				CLANG_WARN_UNGUARDED_AVAILABILITY = YES_AGGRESSIVE;
				CLANG_WARN_UNREACHABLE_CODE = YES;
				CLANG_WARN__DUPLICATE_METHOD_MATCH = YES;
				COPY_PHASE_STRIP = NO;
				DEBUG_INFORMATION_FORMAT = "dwarf-with-dsym";
				ENABLE_NS_ASSERTIONS = NO;
				ENABLE_STRICT_OBJC_MSGSEND = YES;
				GCC_C_LANGUAGE_STANDARD = gnu11;
				GCC_NO_COMMON_BLOCKS = YES;
				GCC_WARN_64_TO_32_BIT_CONVERSION = YES;
				GCC_WARN_ABOUT_RETURN_TYPE = YES_ERROR;
				GCC_WARN_UNDECLARED_SELECTOR = YES;
				GCC_WARN_UNINITIALIZED_AUTOS = YES_AGGRESSIVE;
				GCC_WARN_UNUSED_FUNCTION = YES;
				GCC_WARN_UNUSED_VARIABLE = YES;
				IPHONEOS_DEPLOYMENT_TARGET = 15.2;
				MTL_ENABLE_DEBUG_INFO = NO;
				MTL_FAST_MATH = YES;
				SDKROOT = iphoneos;
				SWIFT_COMPILATION_MODE = wholemodule;
				SWIFT_OPTIMIZATION_LEVEL = "-O";
				VALIDATE_PRODUCT = YES;
			};
			name = Release;
		};
		2A7E99DE282AE1D600A0F01F /* Debug */ = {
			isa = XCBuildConfiguration;
			buildSettings = {
				ASSETCATALOG_COMPILER_APPICON_NAME = AppIcon;
				ASSETCATALOG_COMPILER_GLOBAL_ACCENT_COLOR_NAME = AccentColor;
				CODE_SIGN_STYLE = Automatic;
				CURRENT_PROJECT_VERSION = 1;
				DEVELOPMENT_TEAM = U554H5NWWQ;
				GENERATE_INFOPLIST_FILE = YES;
				INFOPLIST_FILE = "Live App/Info.plist";
				INFOPLIST_KEY_UIApplicationSupportsIndirectInputEvents = YES;
				INFOPLIST_KEY_UILaunchStoryboardName = LaunchScreen;
				INFOPLIST_KEY_UIMainStoryboardFile = Main;
				INFOPLIST_KEY_UISupportedInterfaceOrientations_iPad = "UIInterfaceOrientationPortrait UIInterfaceOrientationPortraitUpsideDown UIInterfaceOrientationLandscapeLeft UIInterfaceOrientationLandscapeRight";
				INFOPLIST_KEY_UISupportedInterfaceOrientations_iPhone = "UIInterfaceOrientationPortrait UIInterfaceOrientationLandscapeLeft UIInterfaceOrientationLandscapeRight";
				LD_RUNPATH_SEARCH_PATHS = (
					"$(inherited)",
					"@executable_path/Frameworks",
				);
				MARKETING_VERSION = 1.0;
				PRODUCT_BUNDLE_IDENTIFIER = "com.app.Live-App";
				PRODUCT_NAME = "$(TARGET_NAME)";
				SWIFT_EMIT_LOC_STRINGS = YES;
				SWIFT_VERSION = 5.0;
				TARGETED_DEVICE_FAMILY = "1,2";
			};
			name = Debug;
		};
		2A7E99DF282AE1D600A0F01F /* Release */ = {
			isa = XCBuildConfiguration;
			buildSettings = {
				ASSETCATALOG_COMPILER_APPICON_NAME = AppIcon;
				ASSETCATALOG_COMPILER_GLOBAL_ACCENT_COLOR_NAME = AccentColor;
				CODE_SIGN_STYLE = Automatic;
				CURRENT_PROJECT_VERSION = 1;
				DEVELOPMENT_TEAM = U554H5NWWQ;
				GENERATE_INFOPLIST_FILE = YES;
				INFOPLIST_FILE = "Live App/Info.plist";
				INFOPLIST_KEY_UIApplicationSupportsIndirectInputEvents = YES;
				INFOPLIST_KEY_UILaunchStoryboardName = LaunchScreen;
				INFOPLIST_KEY_UIMainStoryboardFile = Main;
				INFOPLIST_KEY_UISupportedInterfaceOrientations_iPad = "UIInterfaceOrientationPortrait UIInterfaceOrientationPortraitUpsideDown UIInterfaceOrientationLandscapeLeft UIInterfaceOrientationLandscapeRight";
				INFOPLIST_KEY_UISupportedInterfaceOrientations_iPhone = "UIInterfaceOrientationPortrait UIInterfaceOrientationLandscapeLeft UIInterfaceOrientationLandscapeRight";
				LD_RUNPATH_SEARCH_PATHS = (
					"$(inherited)",
					"@executable_path/Frameworks",
				);
				MARKETING_VERSION = 1.0;
				PRODUCT_BUNDLE_IDENTIFIER = "com.app.Live-App";
				PRODUCT_NAME = "$(TARGET_NAME)";
				SWIFT_EMIT_LOC_STRINGS = YES;
				SWIFT_VERSION = 5.0;
				TARGETED_DEVICE_FAMILY = "1,2";
			};
			name = Release;
		};
		2A7E99E1282AE1D600A0F01F /* Debug */ = {
			isa = XCBuildConfiguration;
			buildSettings = {
				ALWAYS_EMBED_SWIFT_STANDARD_LIBRARIES = YES;
				BUNDLE_LOADER = "$(TEST_HOST)";
				CODE_SIGN_STYLE = Automatic;
				CURRENT_PROJECT_VERSION = 1;
				DEVELOPMENT_TEAM = U554H5NWWQ;
				GENERATE_INFOPLIST_FILE = YES;
				IPHONEOS_DEPLOYMENT_TARGET = 15.2;
				MARKETING_VERSION = 1.0;
				PRODUCT_BUNDLE_IDENTIFIER = "com.app.Live-AppTests";
				PRODUCT_NAME = "$(TARGET_NAME)";
				SWIFT_EMIT_LOC_STRINGS = NO;
				SWIFT_VERSION = 5.0;
				TARGETED_DEVICE_FAMILY = "1,2";
				TEST_HOST = "$(BUILT_PRODUCTS_DIR)/Live App.app/Live App";
			};
			name = Debug;
		};
		2A7E99E2282AE1D600A0F01F /* Release */ = {
			isa = XCBuildConfiguration;
			buildSettings = {
				ALWAYS_EMBED_SWIFT_STANDARD_LIBRARIES = YES;
				BUNDLE_LOADER = "$(TEST_HOST)";
				CODE_SIGN_STYLE = Automatic;
				CURRENT_PROJECT_VERSION = 1;
				DEVELOPMENT_TEAM = U554H5NWWQ;
				GENERATE_INFOPLIST_FILE = YES;
				IPHONEOS_DEPLOYMENT_TARGET = 15.2;
				MARKETING_VERSION = 1.0;
				PRODUCT_BUNDLE_IDENTIFIER = "com.app.Live-AppTests";
				PRODUCT_NAME = "$(TARGET_NAME)";
				SWIFT_EMIT_LOC_STRINGS = NO;
				SWIFT_VERSION = 5.0;
				TARGETED_DEVICE_FAMILY = "1,2";
				TEST_HOST = "$(BUILT_PRODUCTS_DIR)/Live App.app/Live App";
			};
			name = Release;
		};
		2A7E99E4282AE1D600A0F01F /* Debug */ = {
			isa = XCBuildConfiguration;
			buildSettings = {
				ALWAYS_EMBED_SWIFT_STANDARD_LIBRARIES = YES;
				CODE_SIGN_STYLE = Automatic;
				CURRENT_PROJECT_VERSION = 1;
				DEVELOPMENT_TEAM = U554H5NWWQ;
				GENERATE_INFOPLIST_FILE = YES;
				MARKETING_VERSION = 1.0;
				PRODUCT_BUNDLE_IDENTIFIER = "com.app.Live-AppUITests";
				PRODUCT_NAME = "$(TARGET_NAME)";
				SWIFT_EMIT_LOC_STRINGS = NO;
				SWIFT_VERSION = 5.0;
				TARGETED_DEVICE_FAMILY = "1,2";
				TEST_TARGET_NAME = "Live App";
			};
			name = Debug;
		};
		2A7E99E5282AE1D600A0F01F /* Release */ = {
			isa = XCBuildConfiguration;
			buildSettings = {
				ALWAYS_EMBED_SWIFT_STANDARD_LIBRARIES = YES;
				CODE_SIGN_STYLE = Automatic;
				CURRENT_PROJECT_VERSION = 1;
				DEVELOPMENT_TEAM = U554H5NWWQ;
				GENERATE_INFOPLIST_FILE = YES;
				MARKETING_VERSION = 1.0;
				PRODUCT_BUNDLE_IDENTIFIER = "com.app.Live-AppUITests";
				PRODUCT_NAME = "$(TARGET_NAME)";
				SWIFT_EMIT_LOC_STRINGS = NO;
				SWIFT_VERSION = 5.0;
				TARGETED_DEVICE_FAMILY = "1,2";
				TEST_TARGET_NAME = "Live App";
			};
			name = Release;
		};
/* End XCBuildConfiguration section */

/* Begin XCConfigurationList section */
		2A7E99AE282AE1D200A0F01F /* Build configuration list for PBXProject "Live App" */ = {
			isa = XCConfigurationList;
			buildConfigurations = (
				2A7E99DB282AE1D600A0F01F /* Debug */,
				2A7E99DC282AE1D600A0F01F /* Release */,
			);
			defaultConfigurationIsVisible = 0;
			defaultConfigurationName = Release;
		};
		2A7E99DD282AE1D600A0F01F /* Build configuration list for PBXNativeTarget "Live App" */ = {
			isa = XCConfigurationList;
			buildConfigurations = (
				2A7E99DE282AE1D600A0F01F /* Debug */,
				2A7E99DF282AE1D600A0F01F /* Release */,
			);
			defaultConfigurationIsVisible = 0;
			defaultConfigurationName = Release;
		};
		2A7E99E0282AE1D600A0F01F /* Build configuration list for PBXNativeTarget "Live AppTests" */ = {
			isa = XCConfigurationList;
			buildConfigurations = (
				2A7E99E1282AE1D600A0F01F /* Debug */,
				2A7E99E2282AE1D600A0F01F /* Release */,
			);
			defaultConfigurationIsVisible = 0;
			defaultConfigurationName = Release;
		};
		2A7E99E3282AE1D600A0F01F /* Build configuration list for PBXNativeTarget "Live AppUITests" */ = {
			isa = XCConfigurationList;
			buildConfigurations = (
				2A7E99E4282AE1D600A0F01F /* Debug */,
				2A7E99E5282AE1D600A0F01F /* Release */,
			);
			defaultConfigurationIsVisible = 0;
			defaultConfigurationName = Release;
		};
/* End XCConfigurationList section */

/* Begin XCRemoteSwiftPackageReference section */
		2A7E99E6282AE4C600A0F01F /* XCRemoteSwiftPackageReference "WebRTC" */ = {
			isa = XCRemoteSwiftPackageReference;
			repositoryURL = "https://github.com/stasel/WebRTC";
			requirement = {
				kind = upToNextMajorVersion;
				minimumVersion = 96.0.0;
			};
		};
		2A7E99E9282AE65200A0F01F /* XCRemoteSwiftPackageReference "Starscream" */ = {
			isa = XCRemoteSwiftPackageReference;
			repositoryURL = "https://github.com/daltoniam/Starscream.git";
			requirement = {
				kind = upToNextMajorVersion;
				minimumVersion = 4.0.0;
			};
		};
/* End XCRemoteSwiftPackageReference section */

/* Begin XCSwiftPackageProductDependency section */
		2A7E99E7282AE4C600A0F01F /* WebRTC */ = {
			isa = XCSwiftPackageProductDependency;
			package = 2A7E99E6282AE4C600A0F01F /* XCRemoteSwiftPackageReference "WebRTC" */;
			productName = WebRTC;
		};
		2A7E99EA282AE65200A0F01F /* Starscream */ = {
			isa = XCSwiftPackageProductDependency;
			package = 2A7E99E9282AE65200A0F01F /* XCRemoteSwiftPackageReference "Starscream" */;
			productName = Starscream;
		};
/* End XCSwiftPackageProductDependency section */
	};
	rootObject = 2A7E99AB282AE1D200A0F01F /* Project object */;
}
